
Microsoft Visual Studio Solution File, Format Version 12.00
# Visual Studio Version 16
VisualStudioVersion = 16.0.31624.102
MinimumVisualStudioVersion = 10.0.40219.1
Project("{9A19103F-16F7-4668-BE54-9A1E7A4F7556}") = "SalesSystem", "SalesSystem\SalesSystem.csproj", "{4625B6CF-3A0C-4919-945C-AC0F3F11C388}"
EndProject
Global
	GlobalSection(SolutionConfigurationPlatforms) = preSolution
		Debug|Any CPU = Debug|Any CPU
		Release|Any CPU = Release|Any CPU
	EndGlobalSection
	GlobalSection(ProjectConfigurationPlatforms) = postSolution
		{4625B6CF-3A0C-4919-945C-AC0F3F11C388}.Debug|Any CPU.ActiveCfg = Debug|Any CPU
		{4625B6CF-3A0C-4919-945C-AC0F3F11C388}.Debug|Any CPU.Build.0 = Debug|Any CPU
		{4625B6CF-3A0C-4919-945C-AC0F3F11C388}.Release|Any CPU.ActiveCfg = Release|Any CPU
		{4625B6CF-3A0C-4919-945C-AC0F3F11C388}.Release|Any CPU.Build.0 = Release|Any CPU
	EndGlobalSection
	GlobalSection(SolutionProperties) = preSolution
		HideSolutionNode = FALSE
	EndGlobalSection
	GlobalSection(ExtensibilityGlobals) = postSolution
		SolutionGuid = {0C18E546-F9B8-4E9A-80A1-C72653AA1A7B}
	EndGlobalSection
EndGlobal
